{
  "version": 4,
  "terraform_version": "1.1.4",
  "serial": 14,
  "lineage": "90e020a9-824b-5b90-a31d-01aadbd45f3e",
  "outputs": {},
  "resources": [
    {
      "mode": "managed",
      "type": "google_container_cluster",
      "name": "default",
      "provider": "provider[\"registry.terraform.io/hashicorp/google\"]",
      "instances": [
        {
          "schema_version": 1,
          "attributes": {
            "addons_config": [
              {
                "cloudrun_config": [],
                "horizontal_pod_autoscaling": [],
                "http_load_balancing": [],
                "network_policy_config": [
                  {
                    "disabled": true
                  }
                ]
              }
            ],
            "authenticator_groups_config": [],
            "cluster_autoscaling": [
              {
                "auto_provisioning_defaults": [],
                "enabled": false,
                "resource_limits": []
              }
            ],
            "cluster_ipv4_cidr": "10.0.0.0/14",
            "confidential_nodes": [],
            "database_encryption": [
              {
                "key_name": "",
                "state": "DECRYPTED"
              }
            ],
            "datapath_provider": "",
            "default_max_pods_per_node": null,
            "default_snat_status": [
              {
                "disabled": false
              }
            ],
            "description": "GKE Cluster for Cloudkite Interview",
            "dns_config": [],
            "enable_autopilot": false,
            "enable_binary_authorization": false,
            "enable_intranode_visibility": false,
            "enable_kubernetes_alpha": false,
            "enable_legacy_abac": false,
            "enable_shielded_nodes": true,
            "enable_tpu": false,
            "endpoint": "35.246.161.210",
            "id": "projects/cloudkite-interviews-martin/locations/europe-west3/clusters/cloudkite-interview-cluster",
            "initial_node_count": 1,
            "ip_allocation_policy": [],
            "label_fingerprint": "a9dc16a7",
            "location": "europe-west3",
            "logging_config": [
              {
                "enable_components": [
                  "SYSTEM_COMPONENTS",
                  "WORKLOADS"
                ]
              }
            ],
            "logging_service": "logging.googleapis.com/kubernetes",
            "maintenance_policy": [],
            "master_auth": [
              {
                "client_certificate": "",
                "client_certificate_config": [
                  {
                    "issue_client_certificate": false
                  }
                ],
                "client_key": "",
                "cluster_ca_certificate": "LS0tLS1CRUdJTiBDRVJUSUZJQ0FURS0tLS0tCk1JSUVMVENDQXBXZ0F3SUJBZ0lSQUxRVEtaekwrQ1FzTW5VdkFEWE0rSnd3RFFZSktvWklodmNOQVFFTEJRQXcKTHpFdE1Dc0dBMVVFQXhNa056ZzJaVFE0TVdJdE1EWXlNaTAwWVdNMExXSTVaRFF0TmpnNE1XSTJNbUpsTldFMApNQ0FYRFRJeU1ERXlOVEE0TXpBME5Wb1lEekl3TlRJd01URTRNRGt6TURRMVdqQXZNUzB3S3dZRFZRUURFeVEzCk9EWmxORGd4WWkwd05qSXlMVFJoWXpRdFlqbGtOQzAyT0RneFlqWXlZbVUxWVRRd2dnR2lNQTBHQ1NxR1NJYjMKRFFFQkFRVUFBNElCandBd2dnR0tBb0lCZ1FDY2tDK2owVk45ZDRjT3dTTy9XK0lYM09TOGRkcmRTMkUyampzKwozYko1TzgxNGlhV2dySHJSMVZuUlVWK2ZMZUt0dDNTbWlOVWlnZWJVYTZZSXZPcG83RDh6U0pJazRDa0FlOVdZClJqOTFtSW9iNXl5UWJBS1RVSmxNbUNCVWI5d0Uxd29RMDJ0TGxmaGsxMXlnak5sd1ZVLzNpVGJ2S0t2bER3MmUKSUJzN3RCcmhxcHpidTM4eml5NUo0NEhZdHdVT2dBQU1Tc0xYUllnSWhoWDZ1aXZUYW93V01tR0MwWDlsV3V0egpIa0ZVZGNyOFFuZHRmR29QdkhKNVYyT0d3cWlDdk9JbHpua016YTYxUVhPSmFTY1J6UjVYN2RvMWtGZFhvL1pVCmdhbHlic0VEQVRYR0tHNFF5ZXRuSG1UY25GOE00Y1MvYjBJbFVKTHcwcnZPbzl2VldDMEIrTzNYR3NoRFdPWVYKUnNnTUVFVTBha0YwYWhMWThIOUQxN1BVWVYrMm42a0prMVdhZDdNYzRQMHIzRWpwSFp0cVlQblpWVXh4VGgzRgo4OFowbWZGSDNYZHJBdHhGd3oveXhPSnZhMjBZWUZUSDdRVGhEU0pEQ1RkaVpxR2JRdDBtYUMxQzh2ZmR2eXB3ClpnVTkwUzNsalRlSWdpaXRPZGdvK29TYkFZOENBd0VBQWFOQ01FQXdEZ1lEVlIwUEFRSC9CQVFEQWdJRU1BOEcKQTFVZEV3RUIvd1FGTUFNQkFmOHdIUVlEVlIwT0JCWUVGRmMvRlZSMXNZOXRJY0RmMDB3dGlCWkVVcFRzTUEwRwpDU3FHU0liM0RRRUJDd1VBQTRJQmdRQ2FnM0NMTitWMUNvUDJXeFpHaGVuMmw4aTIwQlZudC9SV1NMM3UrWWxWClNldi85MGZrUFFBYjQ3Q1orVmpzSFhlQjdtQ0pHcGtTa1drd1hEOWtwd3VIQzRUQ2NFRnVzZkNkcmFHMmJPUWMKTFUwSHdrWEdkMjlYTmF6akdURFRoaHlwdlpHTGR4cFljUndDT0RjL2xFRjBGd0hGQ3NaRTVkbU5ONWl3c0tlNQpBRVNDWUl5dXpPczk2a3JoSmhybkhHQmJLbGp1N0wwUnVWd2E0Uzg2dFlNd0prN1kya1VUWHVyU3kzeWVaMzI3CkxOSElmU252MFNZb2VNQzZSTFp4VEViNnNHbjBsbkp0OHBwRm5LVDdodFZZcWRuUXdLUFo5U0tLcVA3S0FRU1cKcDZ5bUVEN0hqVmhBWW1yRHZHdUg1OW0zWjI4elUwWHlUaEFqUHgyUmJIQ2RlbjE5RWdiL3hEMXFzOUgwZTlpYQpNbHExbHB4VjM4OUpWNFh5dCtQeFpLblNDK3NHWlJ1UmZ6UWRVQUMzam9ra0RXRUNpb1paZDZreXdxdTBrQ3RmCjJscVZqd0xEQ3pIRHh1SFp4anEzeXV2dTFaaUxkd1BZYitoUFBOcUl0ZTMrZWY5Vk02dVB5dFZGVTF6SkN5VE8KSUhRWnJpRVpSdXNHNnd4YjJyUlQ2dHc9Ci0tLS0tRU5EIENFUlRJRklDQVRFLS0tLS0K"
              }
            ],
            "master_authorized_networks_config": [],
            "master_version": "1.21.5-gke.1302",
            "min_master_version": null,
            "monitoring_config": [
              {
                "enable_components": [
                  "SYSTEM_COMPONENTS"
                ]
              }
            ],
            "monitoring_service": "monitoring.googleapis.com/kubernetes",
            "name": "cloudkite-interview-cluster",
            "network": "projects/cloudkite-interviews-martin/global/networks/default",
            "network_policy": [
              {
                "enabled": false,
                "provider": "PROVIDER_UNSPECIFIED"
              }
            ],
            "networking_mode": "ROUTES",
            "node_config": [
              {
                "boot_disk_kms_key": "",
                "disk_size_gb": 100,
                "disk_type": "pd-standard",
                "gcfs_config": [],
                "guest_accelerator": [],
                "image_type": "COS_CONTAINERD",
                "labels": {},
                "local_ssd_count": 0,
                "machine_type": "e2-medium",
                "metadata": {
                  "disable-legacy-endpoints": "true"
                },
                "min_cpu_platform": "",
                "node_group": "",
                "oauth_scopes": [
                  "https://www.googleapis.com/auth/logging.write",
                  "https://www.googleapis.com/auth/monitoring"
                ],
                "preemptible": false,
                "service_account": "default",
                "shielded_instance_config": [
                  {
                    "enable_integrity_monitoring": true,
                    "enable_secure_boot": false
                  }
                ],
                "tags": [],
                "taint": [],
                "workload_metadata_config": []
              }
            ],
            "node_locations": [
              "europe-west3-a",
              "europe-west3-b",
              "europe-west3-c"
            ],
            "node_pool": [
              {
                "autoscaling": [],
                "initial_node_count": 1,
                "instance_group_urls": [
                  "https://www.googleapis.com/compute/v1/projects/cloudkite-interviews-martin/zones/europe-west3-b/instanceGroupManagers/gke-cloudkite-interv-cloudkite-interv-04e01759-grp",
                  "https://www.googleapis.com/compute/v1/projects/cloudkite-interviews-martin/zones/europe-west3-a/instanceGroupManagers/gke-cloudkite-interv-cloudkite-interv-354ecdf4-grp",
                  "https://www.googleapis.com/compute/v1/projects/cloudkite-interviews-martin/zones/europe-west3-c/instanceGroupManagers/gke-cloudkite-interv-cloudkite-interv-7c629897-grp"
                ],
                "managed_instance_group_urls": [
                  "https://www.googleapis.com/compute/v1/projects/cloudkite-interviews-martin/zones/europe-west3-b/instanceGroups/gke-cloudkite-interv-cloudkite-interv-04e01759-grp",
                  "https://www.googleapis.com/compute/v1/projects/cloudkite-interviews-martin/zones/europe-west3-a/instanceGroups/gke-cloudkite-interv-cloudkite-interv-354ecdf4-grp",
                  "https://www.googleapis.com/compute/v1/projects/cloudkite-interviews-martin/zones/europe-west3-c/instanceGroups/gke-cloudkite-interv-cloudkite-interv-7c629897-grp"
                ],
                "management": [
                  {
                    "auto_repair": true,
                    "auto_upgrade": true
                  }
                ],
                "max_pods_per_node": 0,
                "name": "cloudkite-interview-cluster-node-pool",
                "name_prefix": "",
                "node_config": [
                  {
                    "boot_disk_kms_key": "",
                    "disk_size_gb": 100,
                    "disk_type": "pd-standard",
                    "gcfs_config": [],
                    "guest_accelerator": [],
                    "image_type": "COS_CONTAINERD",
                    "labels": {},
                    "local_ssd_count": 0,
                    "machine_type": "e2-medium",
                    "metadata": {
                      "disable-legacy-endpoints": "true"
                    },
                    "min_cpu_platform": "",
                    "node_group": "",
                    "oauth_scopes": [
                      "https://www.googleapis.com/auth/logging.write",
                      "https://www.googleapis.com/auth/monitoring"
                    ],
                    "preemptible": false,
                    "service_account": "default",
                    "shielded_instance_config": [
                      {
                        "enable_integrity_monitoring": true,
                        "enable_secure_boot": false
                      }
                    ],
                    "tags": [],
                    "taint": [],
                    "workload_metadata_config": []
                  }
                ],
                "node_count": 1,
                "node_locations": [
                  "europe-west3-a",
                  "europe-west3-b",
                  "europe-west3-c"
                ],
                "upgrade_settings": [
                  {
                    "max_surge": 1,
                    "max_unavailable": 0
                  }
                ],
                "version": "1.21.5-gke.1302"
              }
            ],
            "node_version": "1.21.5-gke.1302",
            "operation": null,
            "private_cluster_config": [],
            "private_ipv6_google_access": "",
            "project": "cloudkite-interviews-martin",
            "release_channel": [
              {
                "channel": "REGULAR"
              }
            ],
            "remove_default_node_pool": true,
            "resource_labels": {},
            "resource_usage_export_config": [],
            "self_link": "https://container.googleapis.com/v1/projects/cloudkite-interviews-martin/locations/europe-west3/clusters/cloudkite-interview-cluster",
            "services_ipv4_cidr": "10.3.240.0/20",
            "subnetwork": "projects/cloudkite-interviews-martin/regions/europe-west3/subnetworks/default",
            "timeouts": null,
            "tpu_ipv4_cidr_block": "",
            "vertical_pod_autoscaling": [],
            "workload_identity_config": []
          },
          "sensitive_attributes": [],
          "private": "eyJlMmJmYjczMC1lY2FhLTExZTYtOGY4OC0zNDM2M2JjN2M0YzAiOnsiY3JlYXRlIjoyNDAwMDAwMDAwMDAwLCJkZWxldGUiOjI0MDAwMDAwMDAwMDAsInJlYWQiOjI0MDAwMDAwMDAwMDAsInVwZGF0ZSI6MzYwMDAwMDAwMDAwMH0sInNjaGVtYV92ZXJzaW9uIjoiMSJ9"
        }
      ]
    },
    {
      "mode": "managed",
      "type": "google_container_node_pool",
      "name": "default",
      "provider": "provider[\"registry.terraform.io/hashicorp/google\"]",
      "instances": [
        {
          "schema_version": 1,
          "attributes": {
            "autoscaling": [],
            "cluster": "cloudkite-interview-cluster",
            "id": "projects/cloudkite-interviews-martin/locations/europe-west3/clusters/cloudkite-interview-cluster/nodePools/cloudkite-interview-cluster-node-pool",
            "initial_node_count": 1,
            "instance_group_urls": [
              "https://www.googleapis.com/compute/v1/projects/cloudkite-interviews-martin/zones/europe-west3-b/instanceGroupManagers/gke-cloudkite-interv-cloudkite-interv-e273939b-grp",
              "https://www.googleapis.com/compute/v1/projects/cloudkite-interviews-martin/zones/europe-west3-a/instanceGroupManagers/gke-cloudkite-interv-cloudkite-interv-926b88cd-grp",
              "https://www.googleapis.com/compute/v1/projects/cloudkite-interviews-martin/zones/europe-west3-c/instanceGroupManagers/gke-cloudkite-interv-cloudkite-interv-0efaa5a6-grp"
            ],
            "location": "europe-west3",
            "managed_instance_group_urls": [
              "https://www.googleapis.com/compute/v1/projects/cloudkite-interviews-martin/zones/europe-west3-b/instanceGroups/gke-cloudkite-interv-cloudkite-interv-e273939b-grp",
              "https://www.googleapis.com/compute/v1/projects/cloudkite-interviews-martin/zones/europe-west3-a/instanceGroups/gke-cloudkite-interv-cloudkite-interv-926b88cd-grp",
              "https://www.googleapis.com/compute/v1/projects/cloudkite-interviews-martin/zones/europe-west3-c/instanceGroups/gke-cloudkite-interv-cloudkite-interv-0efaa5a6-grp"
            ],
            "management": [
              {
                "auto_repair": true,
                "auto_upgrade": true
              }
            ],
            "max_pods_per_node": null,
            "name": "cloudkite-interview-cluster-node-pool",
            "name_prefix": "",
            "node_config": [
              {
                "boot_disk_kms_key": "",
                "disk_size_gb": 100,
                "disk_type": "pd-standard",
                "gcfs_config": [],
                "guest_accelerator": [],
                "image_type": "COS_CONTAINERD",
                "labels": {},
                "local_ssd_count": 0,
                "machine_type": "e2-medium",
                "metadata": {
                  "disable-legacy-endpoints": "true"
                },
                "min_cpu_platform": "",
                "node_group": "",
                "oauth_scopes": [
                  "https://www.googleapis.com/auth/devstorage.read_only",
                  "https://www.googleapis.com/auth/logging.write",
                  "https://www.googleapis.com/auth/monitoring"
                ],
                "preemptible": false,
                "service_account": "default",
                "shielded_instance_config": [
                  {
                    "enable_integrity_monitoring": true,
                    "enable_secure_boot": false
                  }
                ],
                "tags": null,
                "taint": [],
                "workload_metadata_config": []
              }
            ],
            "node_count": 1,
            "node_locations": [
              "europe-west3-a",
              "europe-west3-b",
              "europe-west3-c"
            ],
            "operation": null,
            "project": "cloudkite-interviews-martin",
            "timeouts": null,
            "upgrade_settings": [
              {
                "max_surge": 1,
                "max_unavailable": 0
              }
            ],
            "version": "1.21.5-gke.1302"
          },
          "sensitive_attributes": [],
          "private": "eyJlMmJmYjczMC1lY2FhLTExZTYtOGY4OC0zNDM2M2JjN2M0YzAiOnsiY3JlYXRlIjoxODAwMDAwMDAwMDAwLCJkZWxldGUiOjE4MDAwMDAwMDAwMDAsInVwZGF0ZSI6MTgwMDAwMDAwMDAwMH0sInNjaGVtYV92ZXJzaW9uIjoiMSJ9",
          "dependencies": [
            "google_container_cluster.default"
          ]
        }
      ]
    }
  ]
}
